
Microsoft Visual Studio Solution File, Format Version 12.00
# Visual Studio Version 17
VisualStudioVersion = 17.8.34330.188
MinimumVisualStudioVersion = 10.0.40219.1
Project("{FAE04EC0-301F-11D3-BF4B-00C04F79EFBC}") = "CsharpNUnitSelenium", "CsharpNUnitSelenium\CsharpNUnitSelenium.csproj", "{DAA625C7-B7A3-44AC-A7AD-837A0FED65BF}"
EndProject
Global
	GlobalSection(SolutionConfigurationPlatforms) = preSolution
		Debug|Any CPU = Debug|Any CPU
		Release|Any CPU = Release|Any CPU
	EndGlobalSection
	GlobalSection(ProjectConfigurationPlatforms) = postSolution
		{DAA625C7-B7A3-44AC-A7AD-837A0FED65BF}.Debug|Any CPU.ActiveCfg = Debug|Any CPU
		{DAA625C7-B7A3-44AC-A7AD-837A0FED65BF}.Debug|Any CPU.Build.0 = Debug|Any CPU
		{DAA625C7-B7A3-44AC-A7AD-837A0FED65BF}.Release|Any CPU.ActiveCfg = Release|Any CPU
		{DAA625C7-B7A3-44AC-A7AD-837A0FED65BF}.Release|Any CPU.Build.0 = Release|Any CPU
	EndGlobalSection
	GlobalSection(SolutionProperties) = preSolution
		HideSolutionNode = FALSE
	EndGlobalSection
	GlobalSection(ExtensibilityGlobals) = postSolution
		SolutionGuid = {FB607E74-37B2-4973-9DE5-6D10B9B6AAB8}
	EndGlobalSection
EndGlobal
